<?xml version="1.0" encoding="utf-8"?>
<Project ToolsVersion="4.0" xmlns="http://schemas.microsoft.com/developer/msbuild/2003">
  <ItemGroup>
    <Filter Include="Source Files">
      <UniqueIdentifier>{4FC737F1-C7A5-4376-A066-2A32D752A2FF}</UniqueIdentifier>
      <Extensions>cpp;c;cc;cxx;def;odl;idl;hpj;bat;asm;asmx</Extensions>
    </Filter>
    <Filter Include="Header Files">
      <UniqueIdentifier>{93995380-89BD-4b04-88EB-625FBE52EBFB}</UniqueIdentifier>
      <Extensions>h;hpp;hxx;hm;inl;inc;xsd</Extensions>
    </Filter>
    <Filter Include="Resource Files">
      <UniqueIdentifier>{67DA6AB6-F800-4c08-8B7A-83BB121AAD01}</UniqueIdentifier>
      <Extensions>rc;ico;cur;bmp;dlg;rc2;rct;bin;rgs;gif;jpg;jpeg;jpe;resx;tiff;tif;png;wav;mfcribbon-ms</Extensions>
    </Filter>
    <Filter Include="Source Files\gotoh">
      <UniqueIdentifier>{54dbeb5b-c52e-44a3-af8d-fd5593379795}</UniqueIdentifier>
    </Filter>
    <Filter Include="Header Files\gotoh">
      <UniqueIdentifier>{5c5b0643-73df-45e6-875c-b764f29e13f1}</UniqueIdentifier>
    </Filter>
    <Filter Include="Source Files\parsers">
      <UniqueIdentifier>{e80af606-7483-49a7-81f3-56988117915f}</UniqueIdentifier>
    </Filter>
    <Filter Include="Header Files\parsers">
      <UniqueIdentifier>{cbc53ea4-7138-4d12-9f8e-c53f67410287}</UniqueIdentifier>
    </Filter>
  </ItemGroup>
  <ItemGroup>
    <None Include="ReadMe.txt" />
  </ItemGroup>
  <ItemGroup>
    <ClInclude Include="cell.h">
      <Filter>Header Files</Filter>
    </ClInclude>
    <ClInclude Include="matrix.h">
      <Filter>Header Files</Filter>
    </ClInclude>
    <ClInclude Include="gotoh.h">
      <Filter>Header Files</Filter>
    </ClInclude>
    <ClInclude Include="a_matrix.h">
      <Filter>Header Files\gotoh</Filter>
    </ClInclude>
    <ClInclude Include="i_matrix.h">
      <Filter>Header Files\gotoh</Filter>
    </ClInclude>
    <ClInclude Include="d_matrix.h">
      <Filter>Header Files\gotoh</Filter>
    </ClInclude>
    <ClInclude Include="substitution_matrix.h">
      <Filter>Header Files\parsers</Filter>
    </ClInclude>
    <ClInclude Include="sequence_library.h">
      <Filter>Header Files\parsers</Filter>
    </ClInclude>
    <ClInclude Include="pairs_library.h">
      <Filter>Header Files\parsers</Filter>
    </ClInclude>
    <ClInclude Include="a_matrix_local.h">
      <Filter>Header Files\gotoh</Filter>
    </ClInclude>
    <ClInclude Include="a_matrix_freeshift.h">
      <Filter>Header Files\gotoh</Filter>
    </ClInclude>
    <ClInclude Include="util.h">
      <Filter>Header Files</Filter>
    </ClInclude>
  </ItemGroup>
  <ItemGroup>
    <ClCompile Include="main.cpp">
      <Filter>Source Files</Filter>
    </ClCompile>
    <ClCompile Include="matrix.cpp">
      <Filter>Source Files</Filter>
    </ClCompile>
    <ClCompile Include="gotoh.cpp">
      <Filter>Source Files</Filter>
    </ClCompile>
    <ClCompile Include="a_matrix.cpp">
      <Filter>Source Files\gotoh</Filter>
    </ClCompile>
    <ClCompile Include="i_matrix.cpp">
      <Filter>Source Files\gotoh</Filter>
    </ClCompile>
    <ClCompile Include="d_matrix.cpp">
      <Filter>Source Files\gotoh</Filter>
    </ClCompile>
    <ClCompile Include="sequence_library.cpp">
      <Filter>Source Files\parsers</Filter>
    </ClCompile>
    <ClCompile Include="substitution_matrix.cpp">
      <Filter>Source Files\parsers</Filter>
    </ClCompile>
    <ClCompile Include="pairs_library.cpp">
      <Filter>Source Files\parsers</Filter>
    </ClCompile>
    <ClCompile Include="a_matrix_local.cpp">
      <Filter>Source Files\gotoh</Filter>
    </ClCompile>
    <ClCompile Include="a_matrix_freeshift.cpp">
      <Filter>Source Files\gotoh</Filter>
    </ClCompile>
    <ClCompile Include="util.cpp">
      <Filter>Source Files</Filter>
    </ClCompile>
  </ItemGroup>
</Project>